
Microsoft Visual Studio Solution File, Format Version 12.00
# Visual Studio Version 17
VisualStudioVersion = 17.11.35312.102
MinimumVisualStudioVersion = 10.0.40219.1
Project("{FAE04EC0-301F-11D3-BF4B-00C04F79EFBC}") = "EventTicketSystem.Server", "EventTicketSystem.Server\EventTicketSystem.Server.csproj", "{116330E8-C116-4029-881B-3094BFA47597}"
EndProject
Project("{54A90642-561A-4BB1-A94E-469ADEE60C69}") = "eventticketsystem.client", "eventticketsystem.client\eventticketsystem.client.esproj", "{D46C0B3D-9A66-41DC-8384-0B899B949887}"
EndProject
Global
	GlobalSection(SolutionConfigurationPlatforms) = preSolution
		Debug|Any CPU = Debug|Any CPU
		Release|Any CPU = Release|Any CPU
	EndGlobalSection
	GlobalSection(ProjectConfigurationPlatforms) = postSolution
		{116330E8-C116-4029-881B-3094BFA47597}.Debug|Any CPU.ActiveCfg = Debug|Any CPU
		{116330E8-C116-4029-881B-3094BFA47597}.Debug|Any CPU.Build.0 = Debug|Any CPU
		{116330E8-C116-4029-881B-3094BFA47597}.Release|Any CPU.ActiveCfg = Release|Any CPU
		{116330E8-C116-4029-881B-3094BFA47597}.Release|Any CPU.Build.0 = Release|Any CPU
		{D46C0B3D-9A66-41DC-8384-0B899B949887}.Debug|Any CPU.ActiveCfg = Debug|Any CPU
		{D46C0B3D-9A66-41DC-8384-0B899B949887}.Debug|Any CPU.Build.0 = Debug|Any CPU
		{D46C0B3D-9A66-41DC-8384-0B899B949887}.Debug|Any CPU.Deploy.0 = Debug|Any CPU
		{D46C0B3D-9A66-41DC-8384-0B899B949887}.Release|Any CPU.ActiveCfg = Release|Any CPU
		{D46C0B3D-9A66-41DC-8384-0B899B949887}.Release|Any CPU.Build.0 = Release|Any CPU
		{D46C0B3D-9A66-41DC-8384-0B899B949887}.Release|Any CPU.Deploy.0 = Release|Any CPU
	EndGlobalSection
	GlobalSection(SolutionProperties) = preSolution
		HideSolutionNode = FALSE
	EndGlobalSection
	GlobalSection(ExtensibilityGlobals) = postSolution
		SolutionGuid = {355FD58D-7E8F-4A44-B78F-187A796C06F5}
	EndGlobalSection
EndGlobal
